<?xml version="1.0" encoding="utf-8"?>
<Project ToolsVersion="4.0" xmlns="http://schemas.microsoft.com/developer/msbuild/2003">
  <ItemGroup>
    <Filter Include="소스 파일">
      <UniqueIdentifier>{4FC737F1-C7A5-4376-A066-2A32D752A2FF}</UniqueIdentifier>
      <Extensions>cpp;c;cc;cxx;def;odl;idl;hpj;bat;asm;asmx</Extensions>
    </Filter>
    <Filter Include="헤더 파일">
      <UniqueIdentifier>{93995380-89BD-4b04-88EB-625FBE52EBFB}</UniqueIdentifier>
      <Extensions>h;hpp;hxx;hm;inl;inc;xsd</Extensions>
    </Filter>
    <Filter Include="리소스 파일">
      <UniqueIdentifier>{67DA6AB6-F800-4c08-8B7A-83BB121AAD01}</UniqueIdentifier>
      <Extensions>rc;ico;cur;bmp;dlg;rc2;rct;bin;rgs;gif;jpg;jpeg;jpe;resx;tiff;tif;png;wav;mfcribbon-ms</Extensions>
    </Filter>
    <Filter Include="소스 파일\Action">
      <UniqueIdentifier>{01920b74-77b7-4c2b-bb3d-9dce268b774f}</UniqueIdentifier>
    </Filter>
    <Filter Include="헤더 파일\Action">
      <UniqueIdentifier>{b82b5174-5e02-4a01-b7ea-b505a606471a}</UniqueIdentifier>
    </Filter>
    <Filter Include="소스 파일\Controller">
      <UniqueIdentifier>{0423543a-1e9c-452f-a82f-5c4fe9743044}</UniqueIdentifier>
    </Filter>
    <Filter Include="헤더 파일\Controller">
      <UniqueIdentifier>{a5733729-3cd1-4577-b299-76dbd90415fb}</UniqueIdentifier>
    </Filter>
    <Filter Include="소스 파일\Character">
      <UniqueIdentifier>{2eb6d9a9-4dab-4275-bfb1-0a63eb93d16a}</UniqueIdentifier>
    </Filter>
    <Filter Include="헤더 파일\Character">
      <UniqueIdentifier>{38a53794-6648-465d-aa05-8c41eabe9565}</UniqueIdentifier>
    </Filter>
    <Filter Include="Setting&amp;Manager">
      <UniqueIdentifier>{3d0fb31a-516b-4649-af1b-66b983cdf43b}</UniqueIdentifier>
    </Filter>
    <Filter Include="Setting&amp;Manager\header">
      <UniqueIdentifier>{ea382cbb-1d75-4970-a0f7-a9bb29c31683}</UniqueIdentifier>
    </Filter>
    <Filter Include="Setting&amp;Manager\cpp">
      <UniqueIdentifier>{0f344f74-9f95-4754-afe8-a72c2afe85a0}</UniqueIdentifier>
    </Filter>
    <Filter Include="Setting&amp;Manager\cpp\Manager">
      <UniqueIdentifier>{019c8934-15c0-417e-9b94-24c3bbc204b2}</UniqueIdentifier>
    </Filter>
    <Filter Include="Setting&amp;Manager\cpp\ObjLoad">
      <UniqueIdentifier>{b527c52b-6a79-4768-ac35-ac3790dafe14}</UniqueIdentifier>
    </Filter>
    <Filter Include="Setting&amp;Manager\cpp\Setting">
      <UniqueIdentifier>{129830f2-cb8e-47d9-9089-0cbe1a1a78f0}</UniqueIdentifier>
    </Filter>
    <Filter Include="Setting&amp;Manager\cpp\UI">
      <UniqueIdentifier>{b1e29c31-9cda-4d4f-bcfb-daf203872147}</UniqueIdentifier>
    </Filter>
    <Filter Include="Setting&amp;Manager\cpp\XFileLoad">
      <UniqueIdentifier>{b2cf43e4-00d9-415e-ad26-370cecfce900}</UniqueIdentifier>
    </Filter>
    <Filter Include="Setting&amp;Manager\header\Manager">
      <UniqueIdentifier>{e54e8c04-7175-4c37-953f-827b58f1be0e}</UniqueIdentifier>
    </Filter>
    <Filter Include="Setting&amp;Manager\header\ObjLoad">
      <UniqueIdentifier>{68267244-2647-4706-ba8e-20e47e3796c7}</UniqueIdentifier>
    </Filter>
    <Filter Include="Setting&amp;Manager\header\Setting">
      <UniqueIdentifier>{eb7343d1-57ab-42a7-9a79-ef02489a752a}</UniqueIdentifier>
    </Filter>
    <Filter Include="Setting&amp;Manager\header\UI">
      <UniqueIdentifier>{1d494f49-b8d3-42dc-af69-2e89d28e4629}</UniqueIdentifier>
    </Filter>
    <Filter Include="Setting&amp;Manager\header\XFileLoad">
      <UniqueIdentifier>{b3d67ca7-e75e-4682-abf6-c73b6b11e972}</UniqueIdentifier>
    </Filter>
  </ItemGroup>
  <ItemGroup>
    <None Include="ReadMe.txt" />
    <None Include="small.ico">
      <Filter>리소스 파일</Filter>
    </None>
    <None Include="Dx3D.ico">
      <Filter>리소스 파일</Filter>
    </None>
  </ItemGroup>
  <ItemGroup>
    <ClInclude Include="stdafx.h">
      <Filter>헤더 파일</Filter>
    </ClInclude>
    <ClInclude Include="targetver.h">
      <Filter>헤더 파일</Filter>
    </ClInclude>
    <ClInclude Include="Resource.h">
      <Filter>헤더 파일</Filter>
    </ClInclude>
    <ClInclude Include="Dx3D.h">
      <Filter>헤더 파일</Filter>
    </ClInclude>
    <ClInclude Include="cMainGame.h">
      <Filter>헤더 파일</Filter>
    </ClInclude>
    <ClInclude Include="cObject.h">
      <Filter>헤더 파일</Filter>
    </ClInclude>
    <ClInclude Include="cGameObject.h">
      <Filter>헤더 파일</Filter>
    </ClInclude>
    <ClInclude Include="cOBB.h">
      <Filter>헤더 파일</Filter>
    </ClInclude>
    <ClInclude Include="cTimeManager.h">
      <Filter>Setting&amp;Manager\header\Manager</Filter>
    </ClInclude>
    <ClInclude Include="cTextureManager.h">
      <Filter>Setting&amp;Manager\header\Manager</Filter>
    </ClInclude>
    <ClInclude Include="cSkinnedMeshManager.h">
      <Filter>Setting&amp;Manager\header\Manager</Filter>
    </ClInclude>
    <ClInclude Include="cObjectManager.h">
      <Filter>Setting&amp;Manager\header\Manager</Filter>
    </ClInclude>
    <ClInclude Include="cDeviceManager.h">
      <Filter>Setting&amp;Manager\header\Manager</Filter>
    </ClInclude>
    <ClInclude Include="cFontManager.h">
      <Filter>Setting&amp;Manager\header\Manager</Filter>
    </ClInclude>
    <ClInclude Include="cAction.h">
      <Filter>헤더 파일\Action</Filter>
    </ClInclude>
    <ClInclude Include="cActionBezier.h">
      <Filter>헤더 파일\Action</Filter>
    </ClInclude>
    <ClInclude Include="cActionJump.h">
      <Filter>헤더 파일\Action</Filter>
    </ClInclude>
    <ClInclude Include="cActionMove.h">
      <Filter>헤더 파일\Action</Filter>
    </ClInclude>
    <ClInclude Include="cActionRepeat.h">
      <Filter>헤더 파일\Action</Filter>
    </ClInclude>
    <ClInclude Include="cActionSeq.h">
      <Filter>헤더 파일\Action</Filter>
    </ClInclude>
    <ClInclude Include="cUITextView.h">
      <Filter>Setting&amp;Manager\header\UI</Filter>
    </ClInclude>
    <ClInclude Include="cUIButton.h">
      <Filter>Setting&amp;Manager\header\UI</Filter>
    </ClInclude>
    <ClInclude Include="cUIImageView.h">
      <Filter>Setting&amp;Manager\header\UI</Filter>
    </ClInclude>
    <ClInclude Include="cUIObject.h">
      <Filter>Setting&amp;Manager\header\UI</Filter>
    </ClInclude>
    <ClInclude Include="cController.h">
      <Filter>헤더 파일\Controller</Filter>
    </ClInclude>
    <ClInclude Include="cPlayerController.h">
      <Filter>헤더 파일\Controller</Filter>
    </ClInclude>
    <ClInclude Include="cSkinnedMesh.h">
      <Filter>Setting&amp;Manager\header\XFileLoad</Filter>
    </ClInclude>
    <ClInclude Include="cAllocateHierarchy.h">
      <Filter>Setting&amp;Manager\header\XFileLoad</Filter>
    </ClInclude>
    <ClInclude Include="cBullet.h">
      <Filter>헤더 파일\Character</Filter>
    </ClInclude>
    <ClInclude Include="cCamera.h">
      <Filter>Setting&amp;Manager\header\Setting</Filter>
    </ClInclude>
    <ClInclude Include="cFrustum.h">
      <Filter>Setting&amp;Manager\header\Setting</Filter>
    </ClInclude>
    <ClInclude Include="cGrid.h">
      <Filter>Setting&amp;Manager\header\Setting</Filter>
    </ClInclude>
    <ClInclude Include="cPyramid.h">
      <Filter>Setting&amp;Manager\header\Setting</Filter>
    </ClInclude>
    <ClInclude Include="cGun.h">
      <Filter>헤더 파일\Character</Filter>
    </ClInclude>
    <ClInclude Include="cPlayer.h">
      <Filter>헤더 파일\Character</Filter>
    </ClInclude>
    <ClInclude Include="cPlayScene.h">
      <Filter>헤더 파일</Filter>
    </ClInclude>
    <ClInclude Include="cAI.h">
      <Filter>헤더 파일\Character</Filter>
    </ClInclude>
    <ClInclude Include="cAiController.h">
      <Filter>헤더 파일\Controller</Filter>
    </ClInclude>
    <ClInclude Include="cCharacter.h">
      <Filter>헤더 파일\Character</Filter>
    </ClInclude>
    <ClInclude Include="cGroup.h">
      <Filter>Setting&amp;Manager\header\ObjLoad</Filter>
    </ClInclude>
    <ClInclude Include="cMtlTex.h">
      <Filter>Setting&amp;Manager\header\ObjLoad</Filter>
    </ClInclude>
    <ClInclude Include="cObjLoader.h">
      <Filter>Setting&amp;Manager\header\ObjLoad</Filter>
    </ClInclude>
    <ClInclude Include="cObjMap.h">
      <Filter>Setting&amp;Manager\header\ObjLoad</Filter>
    </ClInclude>
    <ClInclude Include="cRay.h">
      <Filter>Setting&amp;Manager\header\Setting</Filter>
    </ClInclude>
    <ClInclude Include="iMap.h">
      <Filter>Setting&amp;Manager\header\Setting</Filter>
    </ClInclude>
    <ClInclude Include="cKeyManager.h">
      <Filter>Setting&amp;Manager\header\Manager</Filter>
    </ClInclude>
    <ClInclude Include="cSoundManager.h">
      <Filter>헤더 파일</Filter>
    </ClInclude>
  </ItemGroup>
  <ItemGroup>
    <ClCompile Include="stdafx.cpp">
      <Filter>소스 파일</Filter>
    </ClCompile>
    <ClCompile Include="Dx3D.cpp">
      <Filter>소스 파일</Filter>
    </ClCompile>
    <ClCompile Include="cMainGame.cpp">
      <Filter>소스 파일</Filter>
    </ClCompile>
    <ClCompile Include="cObject.cpp">
      <Filter>소스 파일</Filter>
    </ClCompile>
    <ClCompile Include="cGameObject.cpp">
      <Filter>소스 파일</Filter>
    </ClCompile>
    <ClCompile Include="cOBB.cpp">
      <Filter>소스 파일</Filter>
    </ClCompile>
    <ClCompile Include="cDeviceManager.cpp">
      <Filter>Setting&amp;Manager\cpp\Manager</Filter>
    </ClCompile>
    <ClCompile Include="cFontManager.cpp">
      <Filter>Setting&amp;Manager\cpp\Manager</Filter>
    </ClCompile>
    <ClCompile Include="cObjectManager.cpp">
      <Filter>Setting&amp;Manager\cpp\Manager</Filter>
    </ClCompile>
    <ClCompile Include="cSkinnedMeshManager.cpp">
      <Filter>Setting&amp;Manager\cpp\Manager</Filter>
    </ClCompile>
    <ClCompile Include="cTextureManager.cpp">
      <Filter>Setting&amp;Manager\cpp\Manager</Filter>
    </ClCompile>
    <ClCompile Include="cTimeManager.cpp">
      <Filter>Setting&amp;Manager\cpp\Manager</Filter>
    </ClCompile>
    <ClCompile Include="cAction.cpp">
      <Filter>소스 파일\Action</Filter>
    </ClCompile>
    <ClCompile Include="cActionBezier.cpp">
      <Filter>소스 파일\Action</Filter>
    </ClCompile>
    <ClCompile Include="cActionJump.cpp">
      <Filter>소스 파일\Action</Filter>
    </ClCompile>
    <ClCompile Include="cActionMove.cpp">
      <Filter>소스 파일\Action</Filter>
    </ClCompile>
    <ClCompile Include="cActionRepeat.cpp">
      <Filter>소스 파일\Action</Filter>
    </ClCompile>
    <ClCompile Include="cActionSeq.cpp">
      <Filter>소스 파일\Action</Filter>
    </ClCompile>
    <ClCompile Include="cUIButton.cpp">
      <Filter>Setting&amp;Manager\cpp\UI</Filter>
    </ClCompile>
    <ClCompile Include="cUIImageView.cpp">
      <Filter>Setting&amp;Manager\cpp\UI</Filter>
    </ClCompile>
    <ClCompile Include="cUIObject.cpp">
      <Filter>Setting&amp;Manager\cpp\UI</Filter>
    </ClCompile>
    <ClCompile Include="cUITextView.cpp">
      <Filter>Setting&amp;Manager\cpp\UI</Filter>
    </ClCompile>
    <ClCompile Include="cController.cpp">
      <Filter>소스 파일\Controller</Filter>
    </ClCompile>
    <ClCompile Include="cPlayerController.cpp">
      <Filter>소스 파일\Controller</Filter>
    </ClCompile>
    <ClCompile Include="cAllocateHierarchy.cpp">
      <Filter>Setting&amp;Manager\cpp\XFileLoad</Filter>
    </ClCompile>
    <ClCompile Include="cSkinnedMesh.cpp">
      <Filter>Setting&amp;Manager\cpp\XFileLoad</Filter>
    </ClCompile>
    <ClCompile Include="cCamera.cpp">
      <Filter>Setting&amp;Manager\cpp\Setting</Filter>
    </ClCompile>
    <ClCompile Include="cGrid.cpp">
      <Filter>Setting&amp;Manager\cpp\Setting</Filter>
    </ClCompile>
    <ClCompile Include="cPlayer.cpp">
      <Filter>소스 파일\Character</Filter>
    </ClCompile>
    <ClCompile Include="cPyramid.cpp">
      <Filter>Setting&amp;Manager\cpp\Setting</Filter>
    </ClCompile>
    <ClCompile Include="cGun.cpp">
      <Filter>소스 파일\Character</Filter>
    </ClCompile>
    <ClCompile Include="cFrustum.cpp">
      <Filter>Setting&amp;Manager\cpp\Setting</Filter>
    </ClCompile>
    <ClCompile Include="cBullet.cpp">
      <Filter>소스 파일\Character</Filter>
    </ClCompile>
    <ClCompile Include="cPlayScene.cpp">
      <Filter>소스 파일</Filter>
    </ClCompile>
    <ClCompile Include="cAI.cpp">
      <Filter>소스 파일\Character</Filter>
    </ClCompile>
    <ClCompile Include="cAiController.cpp">
      <Filter>소스 파일\Controller</Filter>
    </ClCompile>
    <ClCompile Include="cCharacter.cpp">
      <Filter>소스 파일\Character</Filter>
    </ClCompile>
    <ClCompile Include="cRay.cpp">
      <Filter>Setting&amp;Manager\cpp\Setting</Filter>
    </ClCompile>
    <ClCompile Include="cObjLoader.cpp">
      <Filter>Setting&amp;Manager\cpp\ObjLoad</Filter>
    </ClCompile>
    <ClCompile Include="cObjMap.cpp">
      <Filter>Setting&amp;Manager\cpp\ObjLoad</Filter>
    </ClCompile>
    <ClCompile Include="cMtlTex.cpp">
      <Filter>Setting&amp;Manager\cpp\ObjLoad</Filter>
    </ClCompile>
    <ClCompile Include="cGroup.cpp">
      <Filter>Setting&amp;Manager\cpp\ObjLoad</Filter>
    </ClCompile>
    <ClCompile Include="iMap.cpp">
      <Filter>Setting&amp;Manager\cpp\Setting</Filter>
    </ClCompile>
    <ClCompile Include="cKeyManager.cpp">
      <Filter>Setting&amp;Manager\cpp\Manager</Filter>
    </ClCompile>
    <ClCompile Include="cSoundManager.cpp">
      <Filter>소스 파일</Filter>
    </ClCompile>
  </ItemGroup>
  <ItemGroup>
    <ResourceCompile Include="Dx3D.rc">
      <Filter>리소스 파일</Filter>
    </ResourceCompile>
  </ItemGroup>
</Project>